
Microsoft Visual Studio Solution File, Format Version 12.00
# Visual Studio Version 17
VisualStudioVersion = 17.10.35013.160
MinimumVisualStudioVersion = 10.0.40219.1
Project("{FAE04EC0-301F-11D3-BF4B-00C04F79EFBC}") = "Leetcode 1190 Reverse Substrings Between Each Pair of Parentheses", "Leetcode 1190 Reverse Substrings Between Each Pair of Parentheses.csproj", "{C343BCEF-9619-415D-954F-C34BFC55202F}"
EndProject
Global
	GlobalSection(SolutionConfigurationPlatforms) = preSolution
		Debug|Any CPU = Debug|Any CPU
		Release|Any CPU = Release|Any CPU
	EndGlobalSection
	GlobalSection(ProjectConfigurationPlatforms) = postSolution
		{C343BCEF-9619-415D-954F-C34BFC55202F}.Debug|Any CPU.ActiveCfg = Debug|Any CPU
		{C343BCEF-9619-415D-954F-C34BFC55202F}.Debug|Any CPU.Build.0 = Debug|Any CPU
		{C343BCEF-9619-415D-954F-C34BFC55202F}.Release|Any CPU.ActiveCfg = Release|Any CPU
		{C343BCEF-9619-415D-954F-C34BFC55202F}.Release|Any CPU.Build.0 = Release|Any CPU
	EndGlobalSection
	GlobalSection(SolutionProperties) = preSolution
		HideSolutionNode = FALSE
	EndGlobalSection
	GlobalSection(ExtensibilityGlobals) = postSolution
		SolutionGuid = {3BF173D1-95C8-47A2-8629-F7C7846FD960}
	EndGlobalSection
EndGlobal
